
Microsoft Visual Studio Solution File, Format Version 12.00
# Visual Studio 14
VisualStudioVersion = 14.0.24720.0
MinimumVisualStudioVersion = 10.0.40219.1
Project("{FAE04EC0-301F-11D3-BF4B-00C04F79EFBC}") = "ProblemaNumerosRomanos", "ProblemaNumerosRomanos\ProblemaNumerosRomanos.csproj", "{522F0B9C-43A7-4F2E-B079-74765194D02B}"
EndProject
Project("{FAE04EC0-301F-11D3-BF4B-00C04F79EFBC}") = "ProblemaNumerosRomanosTest", "ProblemaNumerosRomanosTest\ProblemaNumerosRomanosTest.csproj", "{351048C1-E0AD-4C3F-8AEA-3BFD69D3F74A}"
EndProject
Global
	GlobalSection(SolutionConfigurationPlatforms) = preSolution
		Debug|Any CPU = Debug|Any CPU
		Debug|ARM = Debug|ARM
		Debug|x64 = Debug|x64
		Debug|x86 = Debug|x86
		Release|Any CPU = Release|Any CPU
		Release|ARM = Release|ARM
		Release|x64 = Release|x64
		Release|x86 = Release|x86
	EndGlobalSection
	GlobalSection(ProjectConfigurationPlatforms) = postSolution
		{522F0B9C-43A7-4F2E-B079-74765194D02B}.Debug|Any CPU.ActiveCfg = Debug|Any CPU
		{522F0B9C-43A7-4F2E-B079-74765194D02B}.Debug|Any CPU.Build.0 = Debug|Any CPU
		{522F0B9C-43A7-4F2E-B079-74765194D02B}.Debug|ARM.ActiveCfg = Debug|Any CPU
		{522F0B9C-43A7-4F2E-B079-74765194D02B}.Debug|ARM.Build.0 = Debug|Any CPU
		{522F0B9C-43A7-4F2E-B079-74765194D02B}.Debug|x64.ActiveCfg = Debug|Any CPU
		{522F0B9C-43A7-4F2E-B079-74765194D02B}.Debug|x64.Build.0 = Debug|Any CPU
		{522F0B9C-43A7-4F2E-B079-74765194D02B}.Debug|x86.ActiveCfg = Debug|Any CPU
		{522F0B9C-43A7-4F2E-B079-74765194D02B}.Debug|x86.Build.0 = Debug|Any CPU
		{522F0B9C-43A7-4F2E-B079-74765194D02B}.Release|Any CPU.ActiveCfg = Release|Any CPU
		{522F0B9C-43A7-4F2E-B079-74765194D02B}.Release|Any CPU.Build.0 = Release|Any CPU
		{522F0B9C-43A7-4F2E-B079-74765194D02B}.Release|ARM.ActiveCfg = Release|Any CPU
		{522F0B9C-43A7-4F2E-B079-74765194D02B}.Release|ARM.Build.0 = Release|Any CPU
		{522F0B9C-43A7-4F2E-B079-74765194D02B}.Release|x64.ActiveCfg = Release|Any CPU
		{522F0B9C-43A7-4F2E-B079-74765194D02B}.Release|x64.Build.0 = Release|Any CPU
		{522F0B9C-43A7-4F2E-B079-74765194D02B}.Release|x86.ActiveCfg = Release|Any CPU
		{522F0B9C-43A7-4F2E-B079-74765194D02B}.Release|x86.Build.0 = Release|Any CPU
		{351048C1-E0AD-4C3F-8AEA-3BFD69D3F74A}.Debug|Any CPU.ActiveCfg = Debug|Any CPU
		{351048C1-E0AD-4C3F-8AEA-3BFD69D3F74A}.Debug|Any CPU.Build.0 = Debug|Any CPU
		{351048C1-E0AD-4C3F-8AEA-3BFD69D3F74A}.Debug|ARM.ActiveCfg = Debug|Any CPU
		{351048C1-E0AD-4C3F-8AEA-3BFD69D3F74A}.Debug|ARM.Build.0 = Debug|Any CPU
		{351048C1-E0AD-4C3F-8AEA-3BFD69D3F74A}.Debug|x64.ActiveCfg = Debug|Any CPU
		{351048C1-E0AD-4C3F-8AEA-3BFD69D3F74A}.Debug|x64.Build.0 = Debug|Any CPU
		{351048C1-E0AD-4C3F-8AEA-3BFD69D3F74A}.Debug|x86.ActiveCfg = Debug|Any CPU
		{351048C1-E0AD-4C3F-8AEA-3BFD69D3F74A}.Debug|x86.Build.0 = Debug|Any CPU
		{351048C1-E0AD-4C3F-8AEA-3BFD69D3F74A}.Release|Any CPU.ActiveCfg = Release|Any CPU
		{351048C1-E0AD-4C3F-8AEA-3BFD69D3F74A}.Release|Any CPU.Build.0 = Release|Any CPU
		{351048C1-E0AD-4C3F-8AEA-3BFD69D3F74A}.Release|ARM.ActiveCfg = Release|Any CPU
		{351048C1-E0AD-4C3F-8AEA-3BFD69D3F74A}.Release|ARM.Build.0 = Release|Any CPU
		{351048C1-E0AD-4C3F-8AEA-3BFD69D3F74A}.Release|x64.ActiveCfg = Release|Any CPU
		{351048C1-E0AD-4C3F-8AEA-3BFD69D3F74A}.Release|x64.Build.0 = Release|Any CPU
		{351048C1-E0AD-4C3F-8AEA-3BFD69D3F74A}.Release|x86.ActiveCfg = Release|Any CPU
		{351048C1-E0AD-4C3F-8AEA-3BFD69D3F74A}.Release|x86.Build.0 = Release|Any CPU
	EndGlobalSection
	GlobalSection(SolutionProperties) = preSolution
		HideSolutionNode = FALSE
	EndGlobalSection
EndGlobal
